
Microsoft Visual Studio Solution File, Format Version 12.00
# Visual Studio Version 16
VisualStudioVersion = 16.0.30413.136
MinimumVisualStudioVersion = 10.0.40219.1
Project("{FAE04EC0-301F-11D3-BF4B-00C04F79EFBC}") = "Image.Android", "Image.Android\Image.Android.csproj", "{2EFC13E8-4934-4565-A08F-574B540FBE3A}"
EndProject
Project("{FAE04EC0-301F-11D3-BF4B-00C04F79EFBC}") = "Image", "Image\Image.csproj", "{54AD0FB3-E3BC-4FC6-8DC2-E4C9E07F0280}"
EndProject
Global
	GlobalSection(SolutionConfigurationPlatforms) = preSolution
		Debug|Any CPU = Debug|Any CPU
		Release|Any CPU = Release|Any CPU
	EndGlobalSection
	GlobalSection(ProjectConfigurationPlatforms) = postSolution
		{2EFC13E8-4934-4565-A08F-574B540FBE3A}.Debug|Any CPU.ActiveCfg = Debug|Any CPU
		{2EFC13E8-4934-4565-A08F-574B540FBE3A}.Debug|Any CPU.Build.0 = Debug|Any CPU
		{2EFC13E8-4934-4565-A08F-574B540FBE3A}.Debug|Any CPU.Deploy.0 = Debug|Any CPU
		{2EFC13E8-4934-4565-A08F-574B540FBE3A}.Release|Any CPU.ActiveCfg = Release|Any CPU
		{2EFC13E8-4934-4565-A08F-574B540FBE3A}.Release|Any CPU.Build.0 = Release|Any CPU
		{2EFC13E8-4934-4565-A08F-574B540FBE3A}.Release|Any CPU.Deploy.0 = Release|Any CPU
		{54AD0FB3-E3BC-4FC6-8DC2-E4C9E07F0280}.Debug|Any CPU.ActiveCfg = Debug|Any CPU
		{54AD0FB3-E3BC-4FC6-8DC2-E4C9E07F0280}.Debug|Any CPU.Build.0 = Debug|Any CPU
		{54AD0FB3-E3BC-4FC6-8DC2-E4C9E07F0280}.Debug|Any CPU.Deploy.0 = Debug|Any CPU
		{54AD0FB3-E3BC-4FC6-8DC2-E4C9E07F0280}.Release|Any CPU.ActiveCfg = Release|Any CPU
		{54AD0FB3-E3BC-4FC6-8DC2-E4C9E07F0280}.Release|Any CPU.Build.0 = Release|Any CPU
		{54AD0FB3-E3BC-4FC6-8DC2-E4C9E07F0280}.Release|Any CPU.Deploy.0 = Release|Any CPU
	EndGlobalSection
	GlobalSection(SolutionProperties) = preSolution
		HideSolutionNode = FALSE
	EndGlobalSection
	GlobalSection(ExtensibilityGlobals) = postSolution
		SolutionGuid = {A0855386-3601-40E9-ACA4-4C2E308D084A}
	EndGlobalSection
EndGlobal
