
Microsoft Visual Studio Solution File, Format Version 12.00
# Visual Studio Version 16
VisualStudioVersion = 16.0.30413.136
MinimumVisualStudioVersion = 10.0.40219.1
Project("{FAE04EC0-301F-11D3-BF4B-00C04F79EFBC}") = "DataAccess.Android", "DataAccess.Android\DataAccess.Android.csproj", "{BC92A0AA-E100-4B81-AEA0-1DF2919299C1}"
EndProject
Project("{FAE04EC0-301F-11D3-BF4B-00C04F79EFBC}") = "DataAccess", "DataAccess\DataAccess.csproj", "{D373BB9A-6D29-4798-8939-BB96DC331C24}"
EndProject
Global
	GlobalSection(SolutionConfigurationPlatforms) = preSolution
		Debug|Any CPU = Debug|Any CPU
		Release|Any CPU = Release|Any CPU
	EndGlobalSection
	GlobalSection(ProjectConfigurationPlatforms) = postSolution
		{BC92A0AA-E100-4B81-AEA0-1DF2919299C1}.Debug|Any CPU.ActiveCfg = Debug|Any CPU
		{BC92A0AA-E100-4B81-AEA0-1DF2919299C1}.Debug|Any CPU.Build.0 = Debug|Any CPU
		{BC92A0AA-E100-4B81-AEA0-1DF2919299C1}.Debug|Any CPU.Deploy.0 = Debug|Any CPU
		{BC92A0AA-E100-4B81-AEA0-1DF2919299C1}.Release|Any CPU.ActiveCfg = Release|Any CPU
		{BC92A0AA-E100-4B81-AEA0-1DF2919299C1}.Release|Any CPU.Build.0 = Release|Any CPU
		{BC92A0AA-E100-4B81-AEA0-1DF2919299C1}.Release|Any CPU.Deploy.0 = Release|Any CPU
		{D373BB9A-6D29-4798-8939-BB96DC331C24}.Debug|Any CPU.ActiveCfg = Debug|Any CPU
		{D373BB9A-6D29-4798-8939-BB96DC331C24}.Debug|Any CPU.Build.0 = Debug|Any CPU
		{D373BB9A-6D29-4798-8939-BB96DC331C24}.Debug|Any CPU.Deploy.0 = Debug|Any CPU
		{D373BB9A-6D29-4798-8939-BB96DC331C24}.Release|Any CPU.ActiveCfg = Release|Any CPU
		{D373BB9A-6D29-4798-8939-BB96DC331C24}.Release|Any CPU.Build.0 = Release|Any CPU
		{D373BB9A-6D29-4798-8939-BB96DC331C24}.Release|Any CPU.Deploy.0 = Release|Any CPU
	EndGlobalSection
	GlobalSection(SolutionProperties) = preSolution
		HideSolutionNode = FALSE
	EndGlobalSection
	GlobalSection(ExtensibilityGlobals) = postSolution
		SolutionGuid = {346C8C49-F54B-4984-A658-A4755B800264}
	EndGlobalSection
EndGlobal
